
Microsoft Visual Studio Solution File, Format Version 12.00
# Visual Studio 14
VisualStudioVersion = 14.0.24720.0
MinimumVisualStudioVersion = 10.0.40219.1
Project("{F184B08F-C81C-45F6-A57F-5ABD9991F28F}") = "HMS", "HMS\HMS.vbproj", "{AEE3E5D7-A4DD-4734-8AD8-48E2B2BA2077}"
EndProject
Global
	GlobalSection(SolutionConfigurationPlatforms) = preSolution
		Debug|Any CPU = Debug|Any CPU
		Release|Any CPU = Release|Any CPU
	EndGlobalSection
	GlobalSection(ProjectConfigurationPlatforms) = postSolution
		{AEE3E5D7-A4DD-4734-8AD8-48E2B2BA2077}.Debug|Any CPU.ActiveCfg = Debug|Any CPU
		{AEE3E5D7-A4DD-4734-8AD8-48E2B2BA2077}.Debug|Any CPU.Build.0 = Debug|Any CPU
		{AEE3E5D7-A4DD-4734-8AD8-48E2B2BA2077}.Release|Any CPU.ActiveCfg = Release|Any CPU
		{AEE3E5D7-A4DD-4734-8AD8-48E2B2BA2077}.Release|Any CPU.Build.0 = Release|Any CPU
	EndGlobalSection
	GlobalSection(SolutionProperties) = preSolution
		HideSolutionNode = FALSE
	EndGlobalSection
EndGlobal
